// !$*UTF8*$!
{
	archiveVersion = 1;
	classes = {
	};
	objectVersion = 56;
	objects = {

/* Begin PBXBuildFile section */
		A025EF8B2A93875800970EF1 /* LocationModel.swift in Sources */ = {isa = PBXBuildFile; fileRef = A025EF8A2A93875800970EF1 /* LocationModel.swift */; };
		A025EF8D2A93977C00970EF1 /* MapAnnotationView.swift in Sources */ = {isa = PBXBuildFile; fileRef = A025EF8C2A93977C00970EF1 /* MapAnnotationView.swift */; };
		A025EF8F2A93A4FF00970EF1 /* MapInfoPanelView.swift in Sources */ = {isa = PBXBuildFile; fileRef = A025EF8E2A93A4FF00970EF1 /* MapInfoPanelView.swift */; };
		A02742572A8CECEA00F464CC /* AnimalsApp.swift in Sources */ = {isa = PBXBuildFile; fileRef = A02742562A8CECEA00F464CC /* AnimalsApp.swift */; };
		A02742592A8CECEA00F464CC /* ContentView.swift in Sources */ = {isa = PBXBuildFile; fileRef = A02742582A8CECEA00F464CC /* ContentView.swift */; };
		A027425B2A8CECEB00F464CC /* Assets.xcassets in Resources */ = {isa = PBXBuildFile; fileRef = A027425A2A8CECEB00F464CC /* Assets.xcassets */; };
		A027425E2A8CECEB00F464CC /* Preview Assets.xcassets in Resources */ = {isa = PBXBuildFile; fileRef = A027425D2A8CECEB00F464CC /* Preview Assets.xcassets */; };
		A027426F2A8CEEF400F464CC /* lioness.mp4 in Resources */ = {isa = PBXBuildFile; fileRef = A02742652A8CEEF200F464CC /* lioness.mp4 */; };
		A02742702A8CEEF400F464CC /* cheetah.mp4 in Resources */ = {isa = PBXBuildFile; fileRef = A02742662A8CEEF200F464CC /* cheetah.mp4 */; };
		A02742712A8CEEF400F464CC /* gorilla.mp4 in Resources */ = {isa = PBXBuildFile; fileRef = A02742672A8CEEF200F464CC /* gorilla.mp4 */; };
		A02742722A8CEEF400F464CC /* zebra.mp4 in Resources */ = {isa = PBXBuildFile; fileRef = A02742682A8CEEF300F464CC /* zebra.mp4 */; };
		A02742732A8CEEF400F464CC /* hippo.mp4 in Resources */ = {isa = PBXBuildFile; fileRef = A02742692A8CEEF300F464CC /* hippo.mp4 */; };
		A02742742A8CEEF400F464CC /* rhino.mp4 in Resources */ = {isa = PBXBuildFile; fileRef = A027426A2A8CEEF300F464CC /* rhino.mp4 */; };
		A02742752A8CEEF400F464CC /* giraffe.mp4 in Resources */ = {isa = PBXBuildFile; fileRef = A027426B2A8CEEF300F464CC /* giraffe.mp4 */; };
		A02742762A8CEEF400F464CC /* ostrich.mp4 in Resources */ = {isa = PBXBuildFile; fileRef = A027426C2A8CEEF300F464CC /* ostrich.mp4 */; };
		A02742772A8CEEF400F464CC /* lion.mp4 in Resources */ = {isa = PBXBuildFile; fileRef = A027426D2A8CEEF400F464CC /* lion.mp4 */; };
		A02742782A8CEEF400F464CC /* elephant.mp4 in Resources */ = {isa = PBXBuildFile; fileRef = A027426E2A8CEEF400F464CC /* elephant.mp4 */; };
		A027427E2A8CEF6A00F464CC /* animals.json in Resources */ = {isa = PBXBuildFile; fileRef = A027427A2A8CEF6A00F464CC /* animals.json */; };
		A027427F2A8CEF6A00F464CC /* videos.json in Resources */ = {isa = PBXBuildFile; fileRef = A027427B2A8CEF6A00F464CC /* videos.json */; };
		A02742802A8CEF6A00F464CC /* locations.json in Resources */ = {isa = PBXBuildFile; fileRef = A027427C2A8CEF6A00F464CC /* locations.json */; };
		A02742812A8CEF6A00F464CC /* covers.json in Resources */ = {isa = PBXBuildFile; fileRef = A027427D2A8CEF6A00F464CC /* covers.json */; };
		A02742852A8CF28500F464CC /* VideoListView.swift in Sources */ = {isa = PBXBuildFile; fileRef = A02742842A8CF28500F464CC /* VideoListView.swift */; };
		A02742872A8CF2CB00F464CC /* MapView.swift in Sources */ = {isa = PBXBuildFile; fileRef = A02742862A8CF2CB00F464CC /* MapView.swift */; };
		A02742892A8CF2EB00F464CC /* GalleryView.swift in Sources */ = {isa = PBXBuildFile; fileRef = A02742882A8CF2EB00F464CC /* GalleryView.swift */; };
		A027428B2A8CF32000F464CC /* MainView.swift in Sources */ = {isa = PBXBuildFile; fileRef = A027428A2A8CF32000F464CC /* MainView.swift */; };
		A03DD2902A950C97001AE2F0 /* MotionAnimationView.swift in Sources */ = {isa = PBXBuildFile; fileRef = A03DD28F2A950C97001AE2F0 /* MotionAnimationView.swift */; };
		A05D31262A91F2B4007F8FAA /* VideoModel.swift in Sources */ = {isa = PBXBuildFile; fileRef = A05D31252A91F2B4007F8FAA /* VideoModel.swift */; };
		A05D31282A91F39F007F8FAA /* VideoListItemView.swift in Sources */ = {isa = PBXBuildFile; fileRef = A05D31272A91F39F007F8FAA /* VideoListItemView.swift */; };
		A05D312A2A922284007F8FAA /* VideoPlayerView.swift in Sources */ = {isa = PBXBuildFile; fileRef = A05D31292A922284007F8FAA /* VideoPlayerView.swift */; };
		A05D312D2A92255B007F8FAA /* VideoPlayerUtility.swift in Sources */ = {isa = PBXBuildFile; fileRef = A05D312C2A92255B007F8FAA /* VideoPlayerUtility.swift */; };
		A05D4B242A90747E00253EE3 /* InsetFactView.swift in Sources */ = {isa = PBXBuildFile; fileRef = A05D4B232A90747E00253EE3 /* InsetFactView.swift */; };
		A05D4B262A907BA300253EE3 /* InsetMapView.swift in Sources */ = {isa = PBXBuildFile; fileRef = A05D4B252A907BA300253EE3 /* InsetMapView.swift */; };
		A05D4B282A90842100253EE3 /* ExternalWebLinkView.swift in Sources */ = {isa = PBXBuildFile; fileRef = A05D4B272A90842100253EE3 /* ExternalWebLinkView.swift */; };
		A05F1CC22A8DC576007E158B /* CoverImageView.swift in Sources */ = {isa = PBXBuildFile; fileRef = A05F1CC12A8DC576007E158B /* CoverImageView.swift */; };
		A05F1CC52A8DC91C007E158B /* CoverImageModel.swift in Sources */ = {isa = PBXBuildFile; fileRef = A05F1CC42A8DC91C007E158B /* CoverImageModel.swift */; };
		A05F1CC82A8DCB4B007E158B /* CodableBundleExtension.swift in Sources */ = {isa = PBXBuildFile; fileRef = A05F1CC72A8DCB4B007E158B /* CodableBundleExtension.swift */; };
		A05F1CCA2A8DDC5B007E158B /* AnimalListItemView.swift in Sources */ = {isa = PBXBuildFile; fileRef = A05F1CC92A8DDC5B007E158B /* AnimalListItemView.swift */; };
		A05F1CCC2A8DDF9A007E158B /* AnimalModel.swift in Sources */ = {isa = PBXBuildFile; fileRef = A05F1CCB2A8DDF9A007E158B /* AnimalModel.swift */; };
		A08878D92A8F6DAE00B7A5E7 /* AnimalDetailView.swift in Sources */ = {isa = PBXBuildFile; fileRef = A08878D82A8F6DAE00B7A5E7 /* AnimalDetailView.swift */; };
		A08878DB2A8F749C00B7A5E7 /* HeadingView.swift in Sources */ = {isa = PBXBuildFile; fileRef = A08878DA2A8F749C00B7A5E7 /* HeadingView.swift */; };
		A08878DD2A8F77A900B7A5E7 /* InsetGalleryView.swift in Sources */ = {isa = PBXBuildFile; fileRef = A08878DC2A8F77A900B7A5E7 /* InsetGalleryView.swift */; };
		A09886902A98D06300184DB8 /* AnimalGridItemView.swift in Sources */ = {isa = PBXBuildFile; fileRef = A098868F2A98D06300184DB8 /* AnimalGridItemView.swift */; };
/* End PBXBuildFile section */

/* Begin PBXFileReference section */
		A025EF8A2A93875800970EF1 /* LocationModel.swift */ = {isa = PBXFileReference; lastKnownFileType = sourcecode.swift; path = LocationModel.swift; sourceTree = "<group>"; };
		A025EF8C2A93977C00970EF1 /* MapAnnotationView.swift */ = {isa = PBXFileReference; lastKnownFileType = sourcecode.swift; path = MapAnnotationView.swift; sourceTree = "<group>"; };
		A025EF8E2A93A4FF00970EF1 /* MapInfoPanelView.swift */ = {isa = PBXFileReference; lastKnownFileType = sourcecode.swift; path = MapInfoPanelView.swift; sourceTree = "<group>"; };
		A02742532A8CECEA00F464CC /* Animals.app */ = {isa = PBXFileReference; explicitFileType = wrapper.application; includeInIndex = 0; path = Animals.app; sourceTree = BUILT_PRODUCTS_DIR; };
		A02742562A8CECEA00F464CC /* AnimalsApp.swift */ = {isa = PBXFileReference; lastKnownFileType = sourcecode.swift; path = AnimalsApp.swift; sourceTree = "<group>"; };
		A02742582A8CECEA00F464CC /* ContentView.swift */ = {isa = PBXFileReference; lastKnownFileType = sourcecode.swift; path = ContentView.swift; sourceTree = "<group>"; };
		A027425A2A8CECEB00F464CC /* Assets.xcassets */ = {isa = PBXFileReference; lastKnownFileType = folder.assetcatalog; path = Assets.xcassets; sourceTree = "<group>"; };
		A027425D2A8CECEB00F464CC /* Preview Assets.xcassets */ = {isa = PBXFileReference; lastKnownFileType = folder.assetcatalog; path = "Preview Assets.xcassets"; sourceTree = "<group>"; };
		A02742652A8CEEF200F464CC /* lioness.mp4 */ = {isa = PBXFileReference; lastKnownFileType = file; path = lioness.mp4; sourceTree = "<group>"; };
		A02742662A8CEEF200F464CC /* cheetah.mp4 */ = {isa = PBXFileReference; lastKnownFileType = file; path = cheetah.mp4; sourceTree = "<group>"; };
		A02742672A8CEEF200F464CC /* gorilla.mp4 */ = {isa = PBXFileReference; lastKnownFileType = file; path = gorilla.mp4; sourceTree = "<group>"; };
		A02742682A8CEEF300F464CC /* zebra.mp4 */ = {isa = PBXFileReference; lastKnownFileType = file; path = zebra.mp4; sourceTree = "<group>"; };
		A02742692A8CEEF300F464CC /* hippo.mp4 */ = {isa = PBXFileReference; lastKnownFileType = file; path = hippo.mp4; sourceTree = "<group>"; };
		A027426A2A8CEEF300F464CC /* rhino.mp4 */ = {isa = PBXFileReference; lastKnownFileType = file; path = rhino.mp4; sourceTree = "<group>"; };
		A027426B2A8CEEF300F464CC /* giraffe.mp4 */ = {isa = PBXFileReference; lastKnownFileType = file; path = giraffe.mp4; sourceTree = "<group>"; };
		A027426C2A8CEEF300F464CC /* ostrich.mp4 */ = {isa = PBXFileReference; lastKnownFileType = file; path = ostrich.mp4; sourceTree = "<group>"; };
		A027426D2A8CEEF400F464CC /* lion.mp4 */ = {isa = PBXFileReference; lastKnownFileType = file; path = lion.mp4; sourceTree = "<group>"; };
		A027426E2A8CEEF400F464CC /* elephant.mp4 */ = {isa = PBXFileReference; lastKnownFileType = file; path = elephant.mp4; sourceTree = "<group>"; };
		A027427A2A8CEF6A00F464CC /* animals.json */ = {isa = PBXFileReference; fileEncoding = 4; lastKnownFileType = text.json; path = animals.json; sourceTree = "<group>"; };
		A027427B2A8CEF6A00F464CC /* videos.json */ = {isa = PBXFileReference; fileEncoding = 4; lastKnownFileType = text.json; path = videos.json; sourceTree = "<group>"; };
		A027427C2A8CEF6A00F464CC /* locations.json */ = {isa = PBXFileReference; fileEncoding = 4; lastKnownFileType = text.json; path = locations.json; sourceTree = "<group>"; };
		A027427D2A8CEF6A00F464CC /* covers.json */ = {isa = PBXFileReference; fileEncoding = 4; lastKnownFileType = text.json; path = covers.json; sourceTree = "<group>"; };
		A02742822A8CF16900F464CC /* Info.plist */ = {isa = PBXFileReference; lastKnownFileType = text.plist; path = Info.plist; sourceTree = "<group>"; };
		A02742842A8CF28500F464CC /* VideoListView.swift */ = {isa = PBXFileReference; lastKnownFileType = sourcecode.swift; path = VideoListView.swift; sourceTree = "<group>"; };
		A02742862A8CF2CB00F464CC /* MapView.swift */ = {isa = PBXFileReference; lastKnownFileType = sourcecode.swift; path = MapView.swift; sourceTree = "<group>"; };
		A02742882A8CF2EB00F464CC /* GalleryView.swift */ = {isa = PBXFileReference; lastKnownFileType = sourcecode.swift; path = GalleryView.swift; sourceTree = "<group>"; };
		A027428A2A8CF32000F464CC /* MainView.swift */ = {isa = PBXFileReference; lastKnownFileType = sourcecode.swift; path = MainView.swift; sourceTree = "<group>"; };
		A03DD28F2A950C97001AE2F0 /* MotionAnimationView.swift */ = {isa = PBXFileReference; lastKnownFileType = sourcecode.swift; path = MotionAnimationView.swift; sourceTree = "<group>"; };
		A05D31252A91F2B4007F8FAA /* VideoModel.swift */ = {isa = PBXFileReference; lastKnownFileType = sourcecode.swift; path = VideoModel.swift; sourceTree = "<group>"; };
		A05D31272A91F39F007F8FAA /* VideoListItemView.swift */ = {isa = PBXFileReference; lastKnownFileType = sourcecode.swift; path = VideoListItemView.swift; sourceTree = "<group>"; };
		A05D31292A922284007F8FAA /* VideoPlayerView.swift */ = {isa = PBXFileReference; lastKnownFileType = sourcecode.swift; path = VideoPlayerView.swift; sourceTree = "<group>"; };
		A05D312C2A92255B007F8FAA /* VideoPlayerUtility.swift */ = {isa = PBXFileReference; lastKnownFileType = sourcecode.swift; path = VideoPlayerUtility.swift; sourceTree = "<group>"; };
		A05D4B232A90747E00253EE3 /* InsetFactView.swift */ = {isa = PBXFileReference; lastKnownFileType = sourcecode.swift; path = InsetFactView.swift; sourceTree = "<group>"; };
		A05D4B252A907BA300253EE3 /* InsetMapView.swift */ = {isa = PBXFileReference; lastKnownFileType = sourcecode.swift; path = InsetMapView.swift; sourceTree = "<group>"; };
		A05D4B272A90842100253EE3 /* ExternalWebLinkView.swift */ = {isa = PBXFileReference; lastKnownFileType = sourcecode.swift; path = ExternalWebLinkView.swift; sourceTree = "<group>"; };
		A05F1CC12A8DC576007E158B /* CoverImageView.swift */ = {isa = PBXFileReference; lastKnownFileType = sourcecode.swift; path = CoverImageView.swift; sourceTree = "<group>"; };
		A05F1CC42A8DC91C007E158B /* CoverImageModel.swift */ = {isa = PBXFileReference; lastKnownFileType = sourcecode.swift; path = CoverImageModel.swift; sourceTree = "<group>"; };
		A05F1CC72A8DCB4B007E158B /* CodableBundleExtension.swift */ = {isa = PBXFileReference; lastKnownFileType = sourcecode.swift; path = CodableBundleExtension.swift; sourceTree = "<group>"; };
		A05F1CC92A8DDC5B007E158B /* AnimalListItemView.swift */ = {isa = PBXFileReference; lastKnownFileType = sourcecode.swift; path = AnimalListItemView.swift; sourceTree = "<group>"; };
		A05F1CCB2A8DDF9A007E158B /* AnimalModel.swift */ = {isa = PBXFileReference; lastKnownFileType = sourcecode.swift; path = AnimalModel.swift; sourceTree = "<group>"; };
		A08878D82A8F6DAE00B7A5E7 /* AnimalDetailView.swift */ = {isa = PBXFileReference; lastKnownFileType = sourcecode.swift; path = AnimalDetailView.swift; sourceTree = "<group>"; };
		A08878DA2A8F749C00B7A5E7 /* HeadingView.swift */ = {isa = PBXFileReference; lastKnownFileType = sourcecode.swift; path = HeadingView.swift; sourceTree = "<group>"; };
		A08878DC2A8F77A900B7A5E7 /* InsetGalleryView.swift */ = {isa = PBXFileReference; lastKnownFileType = sourcecode.swift; path = InsetGalleryView.swift; sourceTree = "<group>"; };
		A098868F2A98D06300184DB8 /* AnimalGridItemView.swift */ = {isa = PBXFileReference; lastKnownFileType = sourcecode.swift; path = AnimalGridItemView.swift; sourceTree = "<group>"; };
/* End PBXFileReference section */

/* Begin PBXFrameworksBuildPhase section */
		A02742502A8CECEA00F464CC /* Frameworks */ = {
			isa = PBXFrameworksBuildPhase;
			buildActionMask = 2147483647;
			files = (
			);
			runOnlyForDeploymentPostprocessing = 0;
		};
/* End PBXFrameworksBuildPhase section */

/* Begin PBXGroup section */
		A027424A2A8CECEA00F464CC = {
			isa = PBXGroup;
			children = (
				A02742552A8CECEA00F464CC /* Animals */,
				A02742542A8CECEA00F464CC /* Products */,
			);
			sourceTree = "<group>";
		};
		A02742542A8CECEA00F464CC /* Products */ = {
			isa = PBXGroup;
			children = (
				A02742532A8CECEA00F464CC /* Animals.app */,
			);
			name = Products;
			sourceTree = "<group>";
		};
		A02742552A8CECEA00F464CC /* Animals */ = {
			isa = PBXGroup;
			children = (
				A05D312B2A922524007F8FAA /* Utilities */,
				A05F1CC62A8DCB28007E158B /* Extension */,
				A05F1CC32A8DC8F7007E158B /* Model */,
				A05F1CC02A8DC557007E158B /* View */,
				A02742822A8CF16900F464CC /* Info.plist */,
				A02742792A8CEF1500F464CC /* Data */,
				A02742642A8CEEC700F464CC /* Video */,
				A02742832A8CF24400F464CC /* App */,
				A027425A2A8CECEB00F464CC /* Assets.xcassets */,
				A027425C2A8CECEB00F464CC /* Preview Content */,
			);
			path = Animals;
			sourceTree = "<group>";
		};
		A027425C2A8CECEB00F464CC /* Preview Content */ = {
			isa = PBXGroup;
			children = (
				A027425D2A8CECEB00F464CC /* Preview Assets.xcassets */,
			);
			path = "Preview Content";
			sourceTree = "<group>";
		};
		A02742642A8CEEC700F464CC /* Video */ = {
			isa = PBXGroup;
			children = (
				A02742662A8CEEF200F464CC /* cheetah.mp4 */,
				A027426E2A8CEEF400F464CC /* elephant.mp4 */,
				A027426B2A8CEEF300F464CC /* giraffe.mp4 */,
				A02742672A8CEEF200F464CC /* gorilla.mp4 */,
				A02742692A8CEEF300F464CC /* hippo.mp4 */,
				A027426D2A8CEEF400F464CC /* lion.mp4 */,
				A02742652A8CEEF200F464CC /* lioness.mp4 */,
				A027426C2A8CEEF300F464CC /* ostrich.mp4 */,
				A027426A2A8CEEF300F464CC /* rhino.mp4 */,
				A02742682A8CEEF300F464CC /* zebra.mp4 */,
			);
			path = Video;
			sourceTree = "<group>";
		};
		A02742792A8CEF1500F464CC /* Data */ = {
			isa = PBXGroup;
			children = (
				A027427A2A8CEF6A00F464CC /* animals.json */,
				A027427D2A8CEF6A00F464CC /* covers.json */,
				A027427C2A8CEF6A00F464CC /* locations.json */,
				A027427B2A8CEF6A00F464CC /* videos.json */,
			);
			path = Data;
			sourceTree = "<group>";
		};
		A02742832A8CF24400F464CC /* App */ = {
			isa = PBXGroup;
			children = (
				A02742562A8CECEA00F464CC /* AnimalsApp.swift */,
				A02742582A8CECEA00F464CC /* ContentView.swift */,
				A02742842A8CF28500F464CC /* VideoListView.swift */,
				A02742862A8CF2CB00F464CC /* MapView.swift */,
				A02742882A8CF2EB00F464CC /* GalleryView.swift */,
				A027428A2A8CF32000F464CC /* MainView.swift */,
			);
			path = App;
			sourceTree = "<group>";
		};
		A05D312B2A922524007F8FAA /* Utilities */ = {
			isa = PBXGroup;
			children = (
				A05D312C2A92255B007F8FAA /* VideoPlayerUtility.swift */,
			);
			path = Utilities;
			sourceTree = "<group>";
		};
		A05F1CC02A8DC557007E158B /* View */ = {
			isa = PBXGroup;
			children = (
				A05F1CC12A8DC576007E158B /* CoverImageView.swift */,
				A05F1CC92A8DDC5B007E158B /* AnimalListItemView.swift */,
				A08878D82A8F6DAE00B7A5E7 /* AnimalDetailView.swift */,
				A08878DA2A8F749C00B7A5E7 /* HeadingView.swift */,
				A08878DC2A8F77A900B7A5E7 /* InsetGalleryView.swift */,
				A05D4B232A90747E00253EE3 /* InsetFactView.swift */,
				A05D4B252A907BA300253EE3 /* InsetMapView.swift */,
				A05D4B272A90842100253EE3 /* ExternalWebLinkView.swift */,
				A05D31272A91F39F007F8FAA /* VideoListItemView.swift */,
				A05D31292A922284007F8FAA /* VideoPlayerView.swift */,
				A025EF8C2A93977C00970EF1 /* MapAnnotationView.swift */,
				A025EF8E2A93A4FF00970EF1 /* MapInfoPanelView.swift */,
				A03DD28F2A950C97001AE2F0 /* MotionAnimationView.swift */,
				A098868F2A98D06300184DB8 /* AnimalGridItemView.swift */,
			);
			path = View;
			sourceTree = "<group>";
		};
		A05F1CC32A8DC8F7007E158B /* Model */ = {
			isa = PBXGroup;
			children = (
				A05F1CC42A8DC91C007E158B /* CoverImageModel.swift */,
				A05F1CCB2A8DDF9A007E158B /* AnimalModel.swift */,
				A05D31252A91F2B4007F8FAA /* VideoModel.swift */,
				A025EF8A2A93875800970EF1 /* LocationModel.swift */,
			);
			path = Model;
			sourceTree = "<group>";
		};
		A05F1CC62A8DCB28007E158B /* Extension */ = {
			isa = PBXGroup;
			children = (
				A05F1CC72A8DCB4B007E158B /* CodableBundleExtension.swift */,
			);
			path = Extension;
			sourceTree = "<group>";
		};
/* End PBXGroup section */

/* Begin PBXNativeTarget section */
		A02742522A8CECEA00F464CC /* Animals */ = {
			isa = PBXNativeTarget;
			buildConfigurationList = A02742612A8CECEB00F464CC /* Build configuration list for PBXNativeTarget "Animals" */;
			buildPhases = (
				A027424F2A8CECEA00F464CC /* Sources */,
				A02742502A8CECEA00F464CC /* Frameworks */,
				A02742512A8CECEA00F464CC /* Resources */,
			);
			buildRules = (
			);
			dependencies = (
			);
			name = Animals;
			productName = Animals;
			productReference = A02742532A8CECEA00F464CC /* Animals.app */;
			productType = "com.apple.product-type.application";
		};
/* End PBXNativeTarget section */

/* Begin PBXProject section */
		A027424B2A8CECEA00F464CC /* Project object */ = {
			isa = PBXProject;
			attributes = {
				BuildIndependentTargetsInParallel = 1;
				LastSwiftUpdateCheck = 1430;
				LastUpgradeCheck = 1430;
				TargetAttributes = {
					A02742522A8CECEA00F464CC = {
						CreatedOnToolsVersion = 14.3;
					};
				};
			};
			buildConfigurationList = A027424E2A8CECEA00F464CC /* Build configuration list for PBXProject "Animals" */;
			compatibilityVersion = "Xcode 14.0";
			developmentRegion = en;
			hasScannedForEncodings = 0;
			knownRegions = (
				en,
				Base,
			);
			mainGroup = A027424A2A8CECEA00F464CC;
			productRefGroup = A02742542A8CECEA00F464CC /* Products */;
			projectDirPath = "";
			projectRoot = "";
			targets = (
				A02742522A8CECEA00F464CC /* Animals */,
			);
		};
/* End PBXProject section */

/* Begin PBXResourcesBuildPhase section */
		A02742512A8CECEA00F464CC /* Resources */ = {
			isa = PBXResourcesBuildPhase;
			buildActionMask = 2147483647;
			files = (
				A02742742A8CEEF400F464CC /* rhino.mp4 in Resources */,
				A02742702A8CEEF400F464CC /* cheetah.mp4 in Resources */,
				A027425E2A8CECEB00F464CC /* Preview Assets.xcassets in Resources */,
				A027427F2A8CEF6A00F464CC /* videos.json in Resources */,
				A02742732A8CEEF400F464CC /* hippo.mp4 in Resources */,
				A02742812A8CEF6A00F464CC /* covers.json in Resources */,
				A02742712A8CEEF400F464CC /* gorilla.mp4 in Resources */,
				A027425B2A8CECEB00F464CC /* Assets.xcassets in Resources */,
				A02742802A8CEF6A00F464CC /* locations.json in Resources */,
				A02742722A8CEEF400F464CC /* zebra.mp4 in Resources */,
				A027427E2A8CEF6A00F464CC /* animals.json in Resources */,
				A027426F2A8CEEF400F464CC /* lioness.mp4 in Resources */,
				A02742782A8CEEF400F464CC /* elephant.mp4 in Resources */,
				A02742772A8CEEF400F464CC /* lion.mp4 in Resources */,
				A02742762A8CEEF400F464CC /* ostrich.mp4 in Resources */,
				A02742752A8CEEF400F464CC /* giraffe.mp4 in Resources */,
			);
			runOnlyForDeploymentPostprocessing = 0;
		};
/* End PBXResourcesBuildPhase section */

/* Begin PBXSourcesBuildPhase section */
		A027424F2A8CECEA00F464CC /* Sources */ = {
			isa = PBXSourcesBuildPhase;
			buildActionMask = 2147483647;
			files = (
				A05D31282A91F39F007F8FAA /* VideoListItemView.swift in Sources */,
				A02742592A8CECEA00F464CC /* ContentView.swift in Sources */,
				A05F1CCA2A8DDC5B007E158B /* AnimalListItemView.swift in Sources */,
				A027428B2A8CF32000F464CC /* MainView.swift in Sources */,
				A05D4B242A90747E00253EE3 /* InsetFactView.swift in Sources */,
				A09886902A98D06300184DB8 /* AnimalGridItemView.swift in Sources */,
				A05F1CC22A8DC576007E158B /* CoverImageView.swift in Sources */,
				A05F1CC52A8DC91C007E158B /* CoverImageModel.swift in Sources */,
				A08878D92A8F6DAE00B7A5E7 /* AnimalDetailView.swift in Sources */,
				A05F1CCC2A8DDF9A007E158B /* AnimalModel.swift in Sources */,
				A02742872A8CF2CB00F464CC /* MapView.swift in Sources */,
				A05D4B262A907BA300253EE3 /* InsetMapView.swift in Sources */,
				A02742572A8CECEA00F464CC /* AnimalsApp.swift in Sources */,
				A05D312D2A92255B007F8FAA /* VideoPlayerUtility.swift in Sources */,
				A025EF8D2A93977C00970EF1 /* MapAnnotationView.swift in Sources */,
				A025EF8F2A93A4FF00970EF1 /* MapInfoPanelView.swift in Sources */,
				A05D4B282A90842100253EE3 /* ExternalWebLinkView.swift in Sources */,
				A02742852A8CF28500F464CC /* VideoListView.swift in Sources */,
				A05D31262A91F2B4007F8FAA /* VideoModel.swift in Sources */,
				A025EF8B2A93875800970EF1 /* LocationModel.swift in Sources */,
				A02742892A8CF2EB00F464CC /* GalleryView.swift in Sources */,
				A08878DD2A8F77A900B7A5E7 /* InsetGalleryView.swift in Sources */,
				A05F1CC82A8DCB4B007E158B /* CodableBundleExtension.swift in Sources */,
				A08878DB2A8F749C00B7A5E7 /* HeadingView.swift in Sources */,
				A05D312A2A922284007F8FAA /* VideoPlayerView.swift in Sources */,
				A03DD2902A950C97001AE2F0 /* MotionAnimationView.swift in Sources */,
			);
			runOnlyForDeploymentPostprocessing = 0;
		};
/* End PBXSourcesBuildPhase section */

/* Begin XCBuildConfiguration section */
		A027425F2A8CECEB00F464CC /* Debug */ = {
			isa = XCBuildConfiguration;
			buildSettings = {
				ALWAYS_SEARCH_USER_PATHS = NO;
				CLANG_ANALYZER_NONNULL = YES;
				CLANG_ANALYZER_NUMBER_OBJECT_CONVERSION = YES_AGGRESSIVE;
				CLANG_CXX_LANGUAGE_STANDARD = "gnu++20";
				CLANG_ENABLE_MODULES = YES;
				CLANG_ENABLE_OBJC_ARC = YES;
				CLANG_ENABLE_OBJC_WEAK = YES;
				CLANG_WARN_BLOCK_CAPTURE_AUTORELEASING = YES;
				CLANG_WARN_BOOL_CONVERSION = YES;
				CLANG_WARN_COMMA = YES;
				CLANG_WARN_CONSTANT_CONVERSION = YES;
				CLANG_WARN_DEPRECATED_OBJC_IMPLEMENTATIONS = YES;
				CLANG_WARN_DIRECT_OBJC_ISA_USAGE = YES_ERROR;
				CLANG_WARN_DOCUMENTATION_COMMENTS = YES;
				CLANG_WARN_EMPTY_BODY = YES;
				CLANG_WARN_ENUM_CONVERSION = YES;
				CLANG_WARN_INFINITE_RECURSION = YES;
				CLANG_WARN_INT_CONVERSION = YES;
				CLANG_WARN_NON_LITERAL_NULL_CONVERSION = YES;
				CLANG_WARN_OBJC_IMPLICIT_RETAIN_SELF = YES;
				CLANG_WARN_OBJC_LITERAL_CONVERSION = YES;
				CLANG_WARN_OBJC_ROOT_CLASS = YES_ERROR;
				CLANG_WARN_QUOTED_INCLUDE_IN_FRAMEWORK_HEADER = YES;
				CLANG_WARN_RANGE_LOOP_ANALYSIS = YES;
				CLANG_WARN_STRICT_PROTOTYPES = YES;
				CLANG_WARN_SUSPICIOUS_MOVE = YES;
				CLANG_WARN_UNGUARDED_AVAILABILITY = YES_AGGRESSIVE;
				CLANG_WARN_UNREACHABLE_CODE = YES;
				CLANG_WARN__DUPLICATE_METHOD_MATCH = YES;
				COPY_PHASE_STRIP = NO;
				DEBUG_INFORMATION_FORMAT = dwarf;
				ENABLE_STRICT_OBJC_MSGSEND = YES;
				ENABLE_TESTABILITY = YES;
				GCC_C_LANGUAGE_STANDARD = gnu11;
				GCC_DYNAMIC_NO_PIC = NO;
				GCC_NO_COMMON_BLOCKS = YES;
				GCC_OPTIMIZATION_LEVEL = 0;
				GCC_PREPROCESSOR_DEFINITIONS = (
					"DEBUG=1",
					"$(inherited)",
				);
				GCC_WARN_64_TO_32_BIT_CONVERSION = YES;
				GCC_WARN_ABOUT_RETURN_TYPE = YES_ERROR;
				GCC_WARN_UNDECLARED_SELECTOR = YES;
				GCC_WARN_UNINITIALIZED_AUTOS = YES_AGGRESSIVE;
				GCC_WARN_UNUSED_FUNCTION = YES;
				GCC_WARN_UNUSED_VARIABLE = YES;
				IPHONEOS_DEPLOYMENT_TARGET = 16.4;
				MTL_ENABLE_DEBUG_INFO = INCLUDE_SOURCE;
				MTL_FAST_MATH = YES;
				ONLY_ACTIVE_ARCH = YES;
				SDKROOT = iphoneos;
				SWIFT_ACTIVE_COMPILATION_CONDITIONS = DEBUG;
				SWIFT_OPTIMIZATION_LEVEL = "-Onone";
			};
			name = Debug;
		};
		A02742602A8CECEB00F464CC /* Release */ = {
			isa = XCBuildConfiguration;
			buildSettings = {
				ALWAYS_SEARCH_USER_PATHS = NO;
				CLANG_ANALYZER_NONNULL = YES;
				CLANG_ANALYZER_NUMBER_OBJECT_CONVERSION = YES_AGGRESSIVE;
				CLANG_CXX_LANGUAGE_STANDARD = "gnu++20";
				CLANG_ENABLE_MODULES = YES;
				CLANG_ENABLE_OBJC_ARC = YES;
				CLANG_ENABLE_OBJC_WEAK = YES;
				CLANG_WARN_BLOCK_CAPTURE_AUTORELEASING = YES;
				CLANG_WARN_BOOL_CONVERSION = YES;
				CLANG_WARN_COMMA = YES;
				CLANG_WARN_CONSTANT_CONVERSION = YES;
				CLANG_WARN_DEPRECATED_OBJC_IMPLEMENTATIONS = YES;
				CLANG_WARN_DIRECT_OBJC_ISA_USAGE = YES_ERROR;
				CLANG_WARN_DOCUMENTATION_COMMENTS = YES;
				CLANG_WARN_EMPTY_BODY = YES;
				CLANG_WARN_ENUM_CONVERSION = YES;
				CLANG_WARN_INFINITE_RECURSION = YES;
				CLANG_WARN_INT_CONVERSION = YES;
				CLANG_WARN_NON_LITERAL_NULL_CONVERSION = YES;
				CLANG_WARN_OBJC_IMPLICIT_RETAIN_SELF = YES;
				CLANG_WARN_OBJC_LITERAL_CONVERSION = YES;
				CLANG_WARN_OBJC_ROOT_CLASS = YES_ERROR;
				CLANG_WARN_QUOTED_INCLUDE_IN_FRAMEWORK_HEADER = YES;
				CLANG_WARN_RANGE_LOOP_ANALYSIS = YES;
				CLANG_WARN_STRICT_PROTOTYPES = YES;
				CLANG_WARN_SUSPICIOUS_MOVE = YES;
				CLANG_WARN_UNGUARDED_AVAILABILITY = YES_AGGRESSIVE;
				CLANG_WARN_UNREACHABLE_CODE = YES;
				CLANG_WARN__DUPLICATE_METHOD_MATCH = YES;
				COPY_PHASE_STRIP = NO;
				DEBUG_INFORMATION_FORMAT = "dwarf-with-dsym";
				ENABLE_NS_ASSERTIONS = NO;
				ENABLE_STRICT_OBJC_MSGSEND = YES;
				GCC_C_LANGUAGE_STANDARD = gnu11;
				GCC_NO_COMMON_BLOCKS = YES;
				GCC_WARN_64_TO_32_BIT_CONVERSION = YES;
				GCC_WARN_ABOUT_RETURN_TYPE = YES_ERROR;
				GCC_WARN_UNDECLARED_SELECTOR = YES;
				GCC_WARN_UNINITIALIZED_AUTOS = YES_AGGRESSIVE;
				GCC_WARN_UNUSED_FUNCTION = YES;
				GCC_WARN_UNUSED_VARIABLE = YES;
				IPHONEOS_DEPLOYMENT_TARGET = 16.4;
				MTL_ENABLE_DEBUG_INFO = NO;
				MTL_FAST_MATH = YES;
				SDKROOT = iphoneos;
				SWIFT_COMPILATION_MODE = wholemodule;
				SWIFT_OPTIMIZATION_LEVEL = "-O";
				VALIDATE_PRODUCT = YES;
			};
			name = Release;
		};
		A02742622A8CECEB00F464CC /* Debug */ = {
			isa = XCBuildConfiguration;
			buildSettings = {
				ASSETCATALOG_COMPILER_APPICON_NAME = AppIcon;
				ASSETCATALOG_COMPILER_GLOBAL_ACCENT_COLOR_NAME = AccentColor;
				CODE_SIGN_STYLE = Automatic;
				CURRENT_PROJECT_VERSION = 1;
				DEVELOPMENT_ASSET_PATHS = "\"Animals/Preview Content\"";
				DEVELOPMENT_TEAM = 985R44ND7P;
				ENABLE_PREVIEWS = YES;
				GENERATE_INFOPLIST_FILE = YES;
				INFOPLIST_FILE = Animals/Info.plist;
				INFOPLIST_KEY_UIApplicationSceneManifest_Generation = YES;
				INFOPLIST_KEY_UIApplicationSupportsIndirectInputEvents = YES;
				INFOPLIST_KEY_UISupportedInterfaceOrientations_iPad = "UIInterfaceOrientationPortrait UIInterfaceOrientationPortraitUpsideDown UIInterfaceOrientationLandscapeLeft UIInterfaceOrientationLandscapeRight";
				INFOPLIST_KEY_UISupportedInterfaceOrientations_iPhone = "UIInterfaceOrientationPortrait UIInterfaceOrientationLandscapeLeft UIInterfaceOrientationLandscapeRight";
				INFOPLIST_KEY_UIUserInterfaceStyle = Dark;
				LD_RUNPATH_SEARCH_PATHS = (
					"$(inherited)",
					"@executable_path/Frameworks",
				);
				MARKETING_VERSION = 1.0;
				PRODUCT_BUNDLE_IDENTIFIER = com.aayam.Animals;
				PRODUCT_NAME = "$(TARGET_NAME)";
				SWIFT_EMIT_LOC_STRINGS = YES;
				SWIFT_VERSION = 5.0;
				TARGETED_DEVICE_FAMILY = "1,2";
			};
			name = Debug;
		};
		A02742632A8CECEB00F464CC /* Release */ = {
			isa = XCBuildConfiguration;
			buildSettings = {
				ASSETCATALOG_COMPILER_APPICON_NAME = AppIcon;
				ASSETCATALOG_COMPILER_GLOBAL_ACCENT_COLOR_NAME = AccentColor;
				CODE_SIGN_STYLE = Automatic;
				CURRENT_PROJECT_VERSION = 1;
				DEVELOPMENT_ASSET_PATHS = "\"Animals/Preview Content\"";
				DEVELOPMENT_TEAM = 985R44ND7P;
				ENABLE_PREVIEWS = YES;
				GENERATE_INFOPLIST_FILE = YES;
				INFOPLIST_FILE = Animals/Info.plist;
				INFOPLIST_KEY_UIApplicationSceneManifest_Generation = YES;
				INFOPLIST_KEY_UIApplicationSupportsIndirectInputEvents = YES;
				INFOPLIST_KEY_UISupportedInterfaceOrientations_iPad = "UIInterfaceOrientationPortrait UIInterfaceOrientationPortraitUpsideDown UIInterfaceOrientationLandscapeLeft UIInterfaceOrientationLandscapeRight";
				INFOPLIST_KEY_UISupportedInterfaceOrientations_iPhone = "UIInterfaceOrientationPortrait UIInterfaceOrientationLandscapeLeft UIInterfaceOrientationLandscapeRight";
				INFOPLIST_KEY_UIUserInterfaceStyle = Dark;
				LD_RUNPATH_SEARCH_PATHS = (
					"$(inherited)",
					"@executable_path/Frameworks",
				);
				MARKETING_VERSION = 1.0;
				PRODUCT_BUNDLE_IDENTIFIER = com.aayam.Animals;
				PRODUCT_NAME = "$(TARGET_NAME)";
				SWIFT_EMIT_LOC_STRINGS = YES;
				SWIFT_VERSION = 5.0;
				TARGETED_DEVICE_FAMILY = "1,2";
			};
			name = Release;
		};
/* End XCBuildConfiguration section */

/* Begin XCConfigurationList section */
		A027424E2A8CECEA00F464CC /* Build configuration list for PBXProject "Animals" */ = {
			isa = XCConfigurationList;
			buildConfigurations = (
				A027425F2A8CECEB00F464CC /* Debug */,
				A02742602A8CECEB00F464CC /* Release */,
			);
			defaultConfigurationIsVisible = 0;
			defaultConfigurationName = Release;
		};
		A02742612A8CECEB00F464CC /* Build configuration list for PBXNativeTarget "Animals" */ = {
			isa = XCConfigurationList;
			buildConfigurations = (
				A02742622A8CECEB00F464CC /* Debug */,
				A02742632A8CECEB00F464CC /* Release */,
			);
			defaultConfigurationIsVisible = 0;
			defaultConfigurationName = Release;
		};
/* End XCConfigurationList section */
	};
	rootObject = A027424B2A8CECEA00F464CC /* Project object */;
}
